// !$*UTF8*$!
{
	archiveVersion = 1;
	classes = {
	};
	objectVersion = 55;
	objects = {

/* Begin PBXBuildFile section */
		02E8C8D228A42D2E0056C7BD /* main.cpp in Sources */ = {isa = PBXBuildFile; fileRef = 02E8C8D128A42D2E0056C7BD /* main.cpp */; };
		02E8C8DF28A42DD40056C7BD /* main.cpp in Sources */ = {isa = PBXBuildFile; fileRef = 02E8C8DE28A42DD40056C7BD /* main.cpp */; };
		02E8C8EA28A42DE80056C7BD /* main.cpp in Sources */ = {isa = PBXBuildFile; fileRef = 02E8C8E928A42DE80056C7BD /* main.cpp */; };
		02E8C8F528A42E0B0056C7BD /* main.cpp in Sources */ = {isa = PBXBuildFile; fileRef = 02E8C8F428A42E0B0056C7BD /* main.cpp */; };
		02E8C90028A42E1B0056C7BD /* main.cpp in Sources */ = {isa = PBXBuildFile; fileRef = 02E8C8FF28A42E1B0056C7BD /* main.cpp */; };
		02E8C90B28A42E2B0056C7BD /* main.cpp in Sources */ = {isa = PBXBuildFile; fileRef = 02E8C90A28A42E2B0056C7BD /* main.cpp */; };
		02E8C91628A42E370056C7BD /* main.cpp in Sources */ = {isa = PBXBuildFile; fileRef = 02E8C91528A42E370056C7BD /* main.cpp */; };
		02E8C92128A42E430056C7BD /* main.cpp in Sources */ = {isa = PBXBuildFile; fileRef = 02E8C92028A42E430056C7BD /* main.cpp */; };
		02E8C92C28A42E670056C7BD /* main.cpp in Sources */ = {isa = PBXBuildFile; fileRef = 02E8C92B28A42E670056C7BD /* main.cpp */; };
		02E8C93728A42E6E0056C7BD /* main.cpp in Sources */ = {isa = PBXBuildFile; fileRef = 02E8C93628A42E6E0056C7BD /* main.cpp */; };
		02E8C94228A42E730056C7BD /* main.cpp in Sources */ = {isa = PBXBuildFile; fileRef = 02E8C94128A42E730056C7BD /* main.cpp */; };
		02E8C94D28A42E840056C7BD /* main.cpp in Sources */ = {isa = PBXBuildFile; fileRef = 02E8C94C28A42E840056C7BD /* main.cpp */; };
		02E8C95828A42E970056C7BD /* main.cpp in Sources */ = {isa = PBXBuildFile; fileRef = 02E8C95728A42E970056C7BD /* main.cpp */; };
		02E8C95D28A42F970056C7BD /* Solution217.cpp in Sources */ = {isa = PBXBuildFile; fileRef = 02E8C95C28A42F970056C7BD /* Solution217.cpp */; };
		02E8C95F28A430640056C7BD /* Solution53.cpp in Sources */ = {isa = PBXBuildFile; fileRef = 02E8C95E28A430640056C7BD /* Solution53.cpp */; };
		02E8C96128A430DE0056C7BD /* Solution1.cpp in Sources */ = {isa = PBXBuildFile; fileRef = 02E8C96028A430DE0056C7BD /* Solution1.cpp */; };
		02E8C96328A431170056C7BD /* Solution88.cpp in Sources */ = {isa = PBXBuildFile; fileRef = 02E8C96228A431170056C7BD /* Solution88.cpp */; };
		02E8C96528A431870056C7BD /* Solution350.cpp in Sources */ = {isa = PBXBuildFile; fileRef = 02E8C96428A431870056C7BD /* Solution350.cpp */; };
		02E8C96728A4322C0056C7BD /* Solution121.cpp in Sources */ = {isa = PBXBuildFile; fileRef = 02E8C96628A4322C0056C7BD /* Solution121.cpp */; };
		02E8C96928A432E10056C7BD /* Solution704.cpp in Sources */ = {isa = PBXBuildFile; fileRef = 02E8C96828A432E10056C7BD /* Solution704.cpp */; };
		02E8C96B28A4331A0056C7BD /* Solution278.cpp in Sources */ = {isa = PBXBuildFile; fileRef = 02E8C96A28A4331A0056C7BD /* Solution278.cpp */; };
		02E8C96D28A433690056C7BD /* Solution35.cpp in Sources */ = {isa = PBXBuildFile; fileRef = 02E8C96C28A433690056C7BD /* Solution35.cpp */; };
/* End PBXBuildFile section */

/* Begin PBXCopyFilesBuildPhase section */
		02E8C8CC28A42D2E0056C7BD /* CopyFiles */ = {
			isa = PBXCopyFilesBuildPhase;
			buildActionMask = 2147483647;
			dstPath = /usr/share/man/man1/;
			dstSubfolderSpec = 0;
			files = (
			);
			runOnlyForDeploymentPostprocessing = 1;
		};
		02E8C8DA28A42DD40056C7BD /* CopyFiles */ = {
			isa = PBXCopyFilesBuildPhase;
			buildActionMask = 2147483647;
			dstPath = /usr/share/man/man1/;
			dstSubfolderSpec = 0;
			files = (
			);
			runOnlyForDeploymentPostprocessing = 1;
		};
		02E8C8E528A42DE80056C7BD /* CopyFiles */ = {
			isa = PBXCopyFilesBuildPhase;
			buildActionMask = 2147483647;
			dstPath = /usr/share/man/man1/;
			dstSubfolderSpec = 0;
			files = (
			);
			runOnlyForDeploymentPostprocessing = 1;
		};
		02E8C8F028A42E0B0056C7BD /* CopyFiles */ = {
			isa = PBXCopyFilesBuildPhase;
			buildActionMask = 2147483647;
			dstPath = /usr/share/man/man1/;
			dstSubfolderSpec = 0;
			files = (
			);
			runOnlyForDeploymentPostprocessing = 1;
		};
		02E8C8FB28A42E1B0056C7BD /* CopyFiles */ = {
			isa = PBXCopyFilesBuildPhase;
			buildActionMask = 2147483647;
			dstPath = /usr/share/man/man1/;
			dstSubfolderSpec = 0;
			files = (
			);
			runOnlyForDeploymentPostprocessing = 1;
		};
		02E8C90628A42E2B0056C7BD /* CopyFiles */ = {
			isa = PBXCopyFilesBuildPhase;
			buildActionMask = 2147483647;
			dstPath = /usr/share/man/man1/;
			dstSubfolderSpec = 0;
			files = (
			);
			runOnlyForDeploymentPostprocessing = 1;
		};
		02E8C91128A42E370056C7BD /* CopyFiles */ = {
			isa = PBXCopyFilesBuildPhase;
			buildActionMask = 2147483647;
			dstPath = /usr/share/man/man1/;
			dstSubfolderSpec = 0;
			files = (
			);
			runOnlyForDeploymentPostprocessing = 1;
		};
		02E8C91C28A42E430056C7BD /* CopyFiles */ = {
			isa = PBXCopyFilesBuildPhase;
			buildActionMask = 2147483647;
			dstPath = /usr/share/man/man1/;
			dstSubfolderSpec = 0;
			files = (
			);
			runOnlyForDeploymentPostprocessing = 1;
		};
		02E8C92728A42E670056C7BD /* CopyFiles */ = {
			isa = PBXCopyFilesBuildPhase;
			buildActionMask = 2147483647;
			dstPath = /usr/share/man/man1/;
			dstSubfolderSpec = 0;
			files = (
			);
			runOnlyForDeploymentPostprocessing = 1;
		};
		02E8C93228A42E6E0056C7BD /* CopyFiles */ = {
			isa = PBXCopyFilesBuildPhase;
			buildActionMask = 2147483647;
			dstPath = /usr/share/man/man1/;
			dstSubfolderSpec = 0;
			files = (
			);
			runOnlyForDeploymentPostprocessing = 1;
		};
		02E8C93D28A42E730056C7BD /* CopyFiles */ = {
			isa = PBXCopyFilesBuildPhase;
			buildActionMask = 2147483647;
			dstPath = /usr/share/man/man1/;
			dstSubfolderSpec = 0;
			files = (
			);
			runOnlyForDeploymentPostprocessing = 1;
		};
		02E8C94828A42E840056C7BD /* CopyFiles */ = {
			isa = PBXCopyFilesBuildPhase;
			buildActionMask = 2147483647;
			dstPath = /usr/share/man/man1/;
			dstSubfolderSpec = 0;
			files = (
			);
			runOnlyForDeploymentPostprocessing = 1;
		};
		02E8C95328A42E970056C7BD /* CopyFiles */ = {
			isa = PBXCopyFilesBuildPhase;
			buildActionMask = 2147483647;
			dstPath = /usr/share/man/man1/;
			dstSubfolderSpec = 0;
			files = (
			);
			runOnlyForDeploymentPostprocessing = 1;
		};
/* End PBXCopyFilesBuildPhase section */

/* Begin PBXFileReference section */
		02E8C8CE28A42D2E0056C7BD /* DataStructures_Algorithms */ = {isa = PBXFileReference; explicitFileType = "compiled.mach-o.executable"; includeInIndex = 0; path = DataStructures_Algorithms; sourceTree = BUILT_PRODUCTS_DIR; };
		02E8C8D128A42D2E0056C7BD /* main.cpp */ = {isa = PBXFileReference; lastKnownFileType = sourcecode.cpp.cpp; path = main.cpp; sourceTree = "<group>"; };
		02E8C8DC28A42DD40056C7BD /* BinarySearch */ = {isa = PBXFileReference; explicitFileType = "compiled.mach-o.executable"; includeInIndex = 0; path = BinarySearch; sourceTree = BUILT_PRODUCTS_DIR; };
		02E8C8DE28A42DD40056C7BD /* main.cpp */ = {isa = PBXFileReference; lastKnownFileType = sourcecode.cpp.cpp; path = main.cpp; sourceTree = "<group>"; };
		02E8C8E728A42DE80056C7BD /* TwoPointers */ = {isa = PBXFileReference; explicitFileType = "compiled.mach-o.executable"; includeInIndex = 0; path = TwoPointers; sourceTree = BUILT_PRODUCTS_DIR; };
		02E8C8E928A42DE80056C7BD /* main.cpp */ = {isa = PBXFileReference; lastKnownFileType = sourcecode.cpp.cpp; path = main.cpp; sourceTree = "<group>"; };
		02E8C8F228A42E0B0056C7BD /* BreadthFirstSearch */ = {isa = PBXFileReference; explicitFileType = "compiled.mach-o.executable"; includeInIndex = 0; path = BreadthFirstSearch; sourceTree = BUILT_PRODUCTS_DIR; };
		02E8C8F428A42E0B0056C7BD /* main.cpp */ = {isa = PBXFileReference; lastKnownFileType = sourcecode.cpp.cpp; path = main.cpp; sourceTree = "<group>"; };
		02E8C8FD28A42E1B0056C7BD /* DepthFirstSearch */ = {isa = PBXFileReference; explicitFileType = "compiled.mach-o.executable"; includeInIndex = 0; path = DepthFirstSearch; sourceTree = BUILT_PRODUCTS_DIR; };
		02E8C8FF28A42E1B0056C7BD /* main.cpp */ = {isa = PBXFileReference; lastKnownFileType = sourcecode.cpp.cpp; path = main.cpp; sourceTree = "<group>"; };
		02E8C90828A42E2B0056C7BD /* Recursion */ = {isa = PBXFileReference; explicitFileType = "compiled.mach-o.executable"; includeInIndex = 0; path = Recursion; sourceTree = BUILT_PRODUCTS_DIR; };
		02E8C90A28A42E2B0056C7BD /* main.cpp */ = {isa = PBXFileReference; lastKnownFileType = sourcecode.cpp.cpp; path = main.cpp; sourceTree = "<group>"; };
		02E8C91328A42E370056C7BD /* DynamicProgramming */ = {isa = PBXFileReference; explicitFileType = "compiled.mach-o.executable"; includeInIndex = 0; path = DynamicProgramming; sourceTree = BUILT_PRODUCTS_DIR; };
		02E8C91528A42E370056C7BD /* main.cpp */ = {isa = PBXFileReference; lastKnownFileType = sourcecode.cpp.cpp; path = main.cpp; sourceTree = "<group>"; };
		02E8C91E28A42E430056C7BD /* BitManipulation */ = {isa = PBXFileReference; explicitFileType = "compiled.mach-o.executable"; includeInIndex = 0; path = BitManipulation; sourceTree = BUILT_PRODUCTS_DIR; };
		02E8C92028A42E430056C7BD /* main.cpp */ = {isa = PBXFileReference; lastKnownFileType = sourcecode.cpp.cpp; path = main.cpp; sourceTree = "<group>"; };
		02E8C92928A42E670056C7BD /* Array */ = {isa = PBXFileReference; explicitFileType = "compiled.mach-o.executable"; includeInIndex = 0; path = Array; sourceTree = BUILT_PRODUCTS_DIR; };
		02E8C92B28A42E670056C7BD /* main.cpp */ = {isa = PBXFileReference; lastKnownFileType = sourcecode.cpp.cpp; path = main.cpp; sourceTree = "<group>"; };
		02E8C93428A42E6E0056C7BD /* String */ = {isa = PBXFileReference; explicitFileType = "compiled.mach-o.executable"; includeInIndex = 0; path = String; sourceTree = BUILT_PRODUCTS_DIR; };
		02E8C93628A42E6E0056C7BD /* main.cpp */ = {isa = PBXFileReference; lastKnownFileType = sourcecode.cpp.cpp; path = main.cpp; sourceTree = "<group>"; };
		02E8C93F28A42E730056C7BD /* LinkedList */ = {isa = PBXFileReference; explicitFileType = "compiled.mach-o.executable"; includeInIndex = 0; path = LinkedList; sourceTree = BUILT_PRODUCTS_DIR; };
		02E8C94128A42E730056C7BD /* main.cpp */ = {isa = PBXFileReference; lastKnownFileType = sourcecode.cpp.cpp; path = main.cpp; sourceTree = "<group>"; };
		02E8C94A28A42E840056C7BD /* StackQueue */ = {isa = PBXFileReference; explicitFileType = "compiled.mach-o.executable"; includeInIndex = 0; path = StackQueue; sourceTree = BUILT_PRODUCTS_DIR; };
		02E8C94C28A42E840056C7BD /* main.cpp */ = {isa = PBXFileReference; lastKnownFileType = sourcecode.cpp.cpp; path = main.cpp; sourceTree = "<group>"; };
		02E8C95528A42E970056C7BD /* Tree */ = {isa = PBXFileReference; explicitFileType = "compiled.mach-o.executable"; includeInIndex = 0; path = Tree; sourceTree = BUILT_PRODUCTS_DIR; };
		02E8C95728A42E970056C7BD /* main.cpp */ = {isa = PBXFileReference; lastKnownFileType = sourcecode.cpp.cpp; path = main.cpp; sourceTree = "<group>"; };
		02E8C95C28A42F970056C7BD /* Solution217.cpp */ = {isa = PBXFileReference; lastKnownFileType = sourcecode.cpp.cpp; path = Solution217.cpp; sourceTree = "<group>"; };
		02E8C95E28A430640056C7BD /* Solution53.cpp */ = {isa = PBXFileReference; lastKnownFileType = sourcecode.cpp.cpp; path = Solution53.cpp; sourceTree = "<group>"; };
		02E8C96028A430DE0056C7BD /* Solution1.cpp */ = {isa = PBXFileReference; lastKnownFileType = sourcecode.cpp.cpp; path = Solution1.cpp; sourceTree = "<group>"; };
		02E8C96228A431170056C7BD /* Solution88.cpp */ = {isa = PBXFileReference; lastKnownFileType = sourcecode.cpp.cpp; path = Solution88.cpp; sourceTree = "<group>"; };
		02E8C96428A431870056C7BD /* Solution350.cpp */ = {isa = PBXFileReference; lastKnownFileType = sourcecode.cpp.cpp; path = Solution350.cpp; sourceTree = "<group>"; };
		02E8C96628A4322C0056C7BD /* Solution121.cpp */ = {isa = PBXFileReference; lastKnownFileType = sourcecode.cpp.cpp; path = Solution121.cpp; sourceTree = "<group>"; };
		02E8C96828A432E10056C7BD /* Solution704.cpp */ = {isa = PBXFileReference; lastKnownFileType = sourcecode.cpp.cpp; path = Solution704.cpp; sourceTree = "<group>"; };
		02E8C96A28A4331A0056C7BD /* Solution278.cpp */ = {isa = PBXFileReference; lastKnownFileType = sourcecode.cpp.cpp; path = Solution278.cpp; sourceTree = "<group>"; };
		02E8C96C28A433690056C7BD /* Solution35.cpp */ = {isa = PBXFileReference; lastKnownFileType = sourcecode.cpp.cpp; path = Solution35.cpp; sourceTree = "<group>"; };
/* End PBXFileReference section */

/* Begin PBXFrameworksBuildPhase section */
		02E8C8CB28A42D2E0056C7BD /* Frameworks */ = {
			isa = PBXFrameworksBuildPhase;
			buildActionMask = 2147483647;
			files = (
			);
			runOnlyForDeploymentPostprocessing = 0;
		};
		02E8C8D928A42DD40056C7BD /* Frameworks */ = {
			isa = PBXFrameworksBuildPhase;
			buildActionMask = 2147483647;
			files = (
			);
			runOnlyForDeploymentPostprocessing = 0;
		};
		02E8C8E428A42DE80056C7BD /* Frameworks */ = {
			isa = PBXFrameworksBuildPhase;
			buildActionMask = 2147483647;
			files = (
			);
			runOnlyForDeploymentPostprocessing = 0;
		};
		02E8C8EF28A42E0B0056C7BD /* Frameworks */ = {
			isa = PBXFrameworksBuildPhase;
			buildActionMask = 2147483647;
			files = (
			);
			runOnlyForDeploymentPostprocessing = 0;
		};
		02E8C8FA28A42E1B0056C7BD /* Frameworks */ = {
			isa = PBXFrameworksBuildPhase;
			buildActionMask = 2147483647;
			files = (
			);
			runOnlyForDeploymentPostprocessing = 0;
		};
		02E8C90528A42E2B0056C7BD /* Frameworks */ = {
			isa = PBXFrameworksBuildPhase;
			buildActionMask = 2147483647;
			files = (
			);
			runOnlyForDeploymentPostprocessing = 0;
		};
		02E8C91028A42E370056C7BD /* Frameworks */ = {
			isa = PBXFrameworksBuildPhase;
			buildActionMask = 2147483647;
			files = (
			);
			runOnlyForDeploymentPostprocessing = 0;
		};
		02E8C91B28A42E430056C7BD /* Frameworks */ = {
			isa = PBXFrameworksBuildPhase;
			buildActionMask = 2147483647;
			files = (
			);
			runOnlyForDeploymentPostprocessing = 0;
		};
		02E8C92628A42E670056C7BD /* Frameworks */ = {
			isa = PBXFrameworksBuildPhase;
			buildActionMask = 2147483647;
			files = (
			);
			runOnlyForDeploymentPostprocessing = 0;
		};
		02E8C93128A42E6E0056C7BD /* Frameworks */ = {
			isa = PBXFrameworksBuildPhase;
			buildActionMask = 2147483647;
			files = (
			);
			runOnlyForDeploymentPostprocessing = 0;
		};
		02E8C93C28A42E730056C7BD /* Frameworks */ = {
			isa = PBXFrameworksBuildPhase;
			buildActionMask = 2147483647;
			files = (
			);
			runOnlyForDeploymentPostprocessing = 0;
		};
		02E8C94728A42E840056C7BD /* Frameworks */ = {
			isa = PBXFrameworksBuildPhase;
			buildActionMask = 2147483647;
			files = (
			);
			runOnlyForDeploymentPostprocessing = 0;
		};
		02E8C95228A42E970056C7BD /* Frameworks */ = {
			isa = PBXFrameworksBuildPhase;
			buildActionMask = 2147483647;
			files = (
			);
			runOnlyForDeploymentPostprocessing = 0;
		};
/* End PBXFrameworksBuildPhase section */

/* Begin PBXGroup section */
		02E8C8C528A42D2D0056C7BD = {
			isa = PBXGroup;
			children = (
				02E8C8D028A42D2E0056C7BD /* DataStructures_Algorithms */,
				02E8C8DD28A42DD40056C7BD /* BinarySearch */,
				02E8C8E828A42DE80056C7BD /* TwoPointers */,
				02E8C8F328A42E0B0056C7BD /* BreadthFirstSearch */,
				02E8C8FE28A42E1B0056C7BD /* DepthFirstSearch */,
				02E8C90928A42E2B0056C7BD /* Recursion */,
				02E8C91428A42E370056C7BD /* DynamicProgramming */,
				02E8C91F28A42E430056C7BD /* BitManipulation */,
				02E8C92A28A42E670056C7BD /* Array */,
				02E8C93528A42E6E0056C7BD /* String */,
				02E8C94028A42E730056C7BD /* LinkedList */,
				02E8C94B28A42E840056C7BD /* StackQueue */,
				02E8C95628A42E970056C7BD /* Tree */,
				02E8C8CF28A42D2E0056C7BD /* Products */,
			);
			sourceTree = "<group>";
		};
		02E8C8CF28A42D2E0056C7BD /* Products */ = {
			isa = PBXGroup;
			children = (
				02E8C8CE28A42D2E0056C7BD /* DataStructures_Algorithms */,
				02E8C8DC28A42DD40056C7BD /* BinarySearch */,
				02E8C8E728A42DE80056C7BD /* TwoPointers */,
				02E8C8F228A42E0B0056C7BD /* BreadthFirstSearch */,
				02E8C8FD28A42E1B0056C7BD /* DepthFirstSearch */,
				02E8C90828A42E2B0056C7BD /* Recursion */,
				02E8C91328A42E370056C7BD /* DynamicProgramming */,
				02E8C91E28A42E430056C7BD /* BitManipulation */,
				02E8C92928A42E670056C7BD /* Array */,
				02E8C93428A42E6E0056C7BD /* String */,
				02E8C93F28A42E730056C7BD /* LinkedList */,
				02E8C94A28A42E840056C7BD /* StackQueue */,
				02E8C95528A42E970056C7BD /* Tree */,
			);
			name = Products;
			sourceTree = "<group>";
		};
		02E8C8D028A42D2E0056C7BD /* DataStructures_Algorithms */ = {
			isa = PBXGroup;
			children = (
				02E8C8D128A42D2E0056C7BD /* main.cpp */,
			);
			path = DataStructures_Algorithms;
			sourceTree = "<group>";
		};
		02E8C8DD28A42DD40056C7BD /* BinarySearch */ = {
			isa = PBXGroup;
			children = (
				02E8C8DE28A42DD40056C7BD /* main.cpp */,
				02E8C96828A432E10056C7BD /* Solution704.cpp */,
				02E8C96A28A4331A0056C7BD /* Solution278.cpp */,
				02E8C96C28A433690056C7BD /* Solution35.cpp */,
			);
			path = BinarySearch;
			sourceTree = "<group>";
		};
		02E8C8E828A42DE80056C7BD /* TwoPointers */ = {
			isa = PBXGroup;
			children = (
				02E8C8E928A42DE80056C7BD /* main.cpp */,
			);
			path = TwoPointers;
			sourceTree = "<group>";
		};
		02E8C8F328A42E0B0056C7BD /* BreadthFirstSearch */ = {
			isa = PBXGroup;
			children = (
				02E8C8F428A42E0B0056C7BD /* main.cpp */,
			);
			path = BreadthFirstSearch;
			sourceTree = "<group>";
		};
		02E8C8FE28A42E1B0056C7BD /* DepthFirstSearch */ = {
			isa = PBXGroup;
			children = (
				02E8C8FF28A42E1B0056C7BD /* main.cpp */,
			);
			path = DepthFirstSearch;
			sourceTree = "<group>";
		};
		02E8C90928A42E2B0056C7BD /* Recursion */ = {
			isa = PBXGroup;
			children = (
				02E8C90A28A42E2B0056C7BD /* main.cpp */,
			);
			path = Recursion;
			sourceTree = "<group>";
		};
		02E8C91428A42E370056C7BD /* DynamicProgramming */ = {
			isa = PBXGroup;
			children = (
				02E8C91528A42E370056C7BD /* main.cpp */,
			);
			path = DynamicProgramming;
			sourceTree = "<group>";
		};
		02E8C91F28A42E430056C7BD /* BitManipulation */ = {
			isa = PBXGroup;
			children = (
				02E8C92028A42E430056C7BD /* main.cpp */,
			);
			path = BitManipulation;
			sourceTree = "<group>";
		};
		02E8C92A28A42E670056C7BD /* Array */ = {
			isa = PBXGroup;
			children = (
				02E8C92B28A42E670056C7BD /* main.cpp */,
				02E8C95C28A42F970056C7BD /* Solution217.cpp */,
				02E8C95E28A430640056C7BD /* Solution53.cpp */,
				02E8C96028A430DE0056C7BD /* Solution1.cpp */,
				02E8C96228A431170056C7BD /* Solution88.cpp */,
				02E8C96428A431870056C7BD /* Solution350.cpp */,
				02E8C96628A4322C0056C7BD /* Solution121.cpp */,
			);
			path = Array;
			sourceTree = "<group>";
		};
		02E8C93528A42E6E0056C7BD /* String */ = {
			isa = PBXGroup;
			children = (
				02E8C93628A42E6E0056C7BD /* main.cpp */,
			);
			path = String;
			sourceTree = "<group>";
		};
		02E8C94028A42E730056C7BD /* LinkedList */ = {
			isa = PBXGroup;
			children = (
				02E8C94128A42E730056C7BD /* main.cpp */,
			);
			path = LinkedList;
			sourceTree = "<group>";
		};
		02E8C94B28A42E840056C7BD /* StackQueue */ = {
			isa = PBXGroup;
			children = (
				02E8C94C28A42E840056C7BD /* main.cpp */,
			);
			path = StackQueue;
			sourceTree = "<group>";
		};
		02E8C95628A42E970056C7BD /* Tree */ = {
			isa = PBXGroup;
			children = (
				02E8C95728A42E970056C7BD /* main.cpp */,
			);
			path = Tree;
			sourceTree = "<group>";
		};
/* End PBXGroup section */

/* Begin PBXNativeTarget section */
		02E8C8CD28A42D2E0056C7BD /* DataStructures_Algorithms */ = {
			isa = PBXNativeTarget;
			buildConfigurationList = 02E8C8D528A42D2E0056C7BD /* Build configuration list for PBXNativeTarget "DataStructures_Algorithms" */;
			buildPhases = (
				02E8C8CA28A42D2E0056C7BD /* Sources */,
				02E8C8CB28A42D2E0056C7BD /* Frameworks */,
				02E8C8CC28A42D2E0056C7BD /* CopyFiles */,
			);
			buildRules = (
			);
			dependencies = (
			);
			name = DataStructures_Algorithms;
			productName = DataStructures_Algorithms;
			productReference = 02E8C8CE28A42D2E0056C7BD /* DataStructures_Algorithms */;
			productType = "com.apple.product-type.tool";
		};
		02E8C8DB28A42DD40056C7BD /* BinarySearch */ = {
			isa = PBXNativeTarget;
			buildConfigurationList = 02E8C8E028A42DD40056C7BD /* Build configuration list for PBXNativeTarget "BinarySearch" */;
			buildPhases = (
				02E8C8D828A42DD40056C7BD /* Sources */,
				02E8C8D928A42DD40056C7BD /* Frameworks */,
				02E8C8DA28A42DD40056C7BD /* CopyFiles */,
			);
			buildRules = (
			);
			dependencies = (
			);
			name = BinarySearch;
			productName = BinarySearch;
			productReference = 02E8C8DC28A42DD40056C7BD /* BinarySearch */;
			productType = "com.apple.product-type.tool";
		};
		02E8C8E628A42DE80056C7BD /* TwoPointers */ = {
			isa = PBXNativeTarget;
			buildConfigurationList = 02E8C8EB28A42DE90056C7BD /* Build configuration list for PBXNativeTarget "TwoPointers" */;
			buildPhases = (
				02E8C8E328A42DE80056C7BD /* Sources */,
				02E8C8E428A42DE80056C7BD /* Frameworks */,
				02E8C8E528A42DE80056C7BD /* CopyFiles */,
			);
			buildRules = (
			);
			dependencies = (
			);
			name = TwoPointers;
			productName = TwoPointers;
			productReference = 02E8C8E728A42DE80056C7BD /* TwoPointers */;
			productType = "com.apple.product-type.tool";
		};
		02E8C8F128A42E0B0056C7BD /* BreadthFirstSearch */ = {
			isa = PBXNativeTarget;
			buildConfigurationList = 02E8C8F628A42E0B0056C7BD /* Build configuration list for PBXNativeTarget "BreadthFirstSearch" */;
			buildPhases = (
				02E8C8EE28A42E0B0056C7BD /* Sources */,
				02E8C8EF28A42E0B0056C7BD /* Frameworks */,
				02E8C8F028A42E0B0056C7BD /* CopyFiles */,
			);
			buildRules = (
			);
			dependencies = (
			);
			name = BreadthFirstSearch;
			productName = BreadthFirstSearch;
			productReference = 02E8C8F228A42E0B0056C7BD /* BreadthFirstSearch */;
			productType = "com.apple.product-type.tool";
		};
		02E8C8FC28A42E1B0056C7BD /* DepthFirstSearch */ = {
			isa = PBXNativeTarget;
			buildConfigurationList = 02E8C90128A42E1B0056C7BD /* Build configuration list for PBXNativeTarget "DepthFirstSearch" */;
			buildPhases = (
				02E8C8F928A42E1B0056C7BD /* Sources */,
				02E8C8FA28A42E1B0056C7BD /* Frameworks */,
				02E8C8FB28A42E1B0056C7BD /* CopyFiles */,
			);
			buildRules = (
			);
			dependencies = (
			);
			name = DepthFirstSearch;
			productName = DepthFirstSearch;
			productReference = 02E8C8FD28A42E1B0056C7BD /* DepthFirstSearch */;
			productType = "com.apple.product-type.tool";
		};
		02E8C90728A42E2B0056C7BD /* Recursion */ = {
			isa = PBXNativeTarget;
			buildConfigurationList = 02E8C90C28A42E2B0056C7BD /* Build configuration list for PBXNativeTarget "Recursion" */;
			buildPhases = (
				02E8C90428A42E2B0056C7BD /* Sources */,
				02E8C90528A42E2B0056C7BD /* Frameworks */,
				02E8C90628A42E2B0056C7BD /* CopyFiles */,
			);
			buildRules = (
			);
			dependencies = (
			);
			name = Recursion;
			productName = Recursion;
			productReference = 02E8C90828A42E2B0056C7BD /* Recursion */;
			productType = "com.apple.product-type.tool";
		};
		02E8C91228A42E370056C7BD /* DynamicProgramming */ = {
			isa = PBXNativeTarget;
			buildConfigurationList = 02E8C91728A42E370056C7BD /* Build configuration list for PBXNativeTarget "DynamicProgramming" */;
			buildPhases = (
				02E8C90F28A42E370056C7BD /* Sources */,
				02E8C91028A42E370056C7BD /* Frameworks */,
				02E8C91128A42E370056C7BD /* CopyFiles */,
			);
			buildRules = (
			);
			dependencies = (
			);
			name = DynamicProgramming;
			productName = DynamicProgramming;
			productReference = 02E8C91328A42E370056C7BD /* DynamicProgramming */;
			productType = "com.apple.product-type.tool";
		};
		02E8C91D28A42E430056C7BD /* BitManipulation */ = {
			isa = PBXNativeTarget;
			buildConfigurationList = 02E8C92228A42E430056C7BD /* Build configuration list for PBXNativeTarget "BitManipulation" */;
			buildPhases = (
				02E8C91A28A42E430056C7BD /* Sources */,
				02E8C91B28A42E430056C7BD /* Frameworks */,
				02E8C91C28A42E430056C7BD /* CopyFiles */,
			);
			buildRules = (
			);
			dependencies = (
			);
			name = BitManipulation;
			productName = BitManipulation;
			productReference = 02E8C91E28A42E430056C7BD /* BitManipulation */;
			productType = "com.apple.product-type.tool";
		};
		02E8C92828A42E670056C7BD /* Array */ = {
			isa = PBXNativeTarget;
			buildConfigurationList = 02E8C92D28A42E670056C7BD /* Build configuration list for PBXNativeTarget "Array" */;
			buildPhases = (
				02E8C92528A42E670056C7BD /* Sources */,
				02E8C92628A42E670056C7BD /* Frameworks */,
				02E8C92728A42E670056C7BD /* CopyFiles */,
			);
			buildRules = (
			);
			dependencies = (
			);
			name = Array;
			productName = Array;
			productReference = 02E8C92928A42E670056C7BD /* Array */;
			productType = "com.apple.product-type.tool";
		};
		02E8C93328A42E6E0056C7BD /* String */ = {
			isa = PBXNativeTarget;
			buildConfigurationList = 02E8C93828A42E6E0056C7BD /* Build configuration list for PBXNativeTarget "String" */;
			buildPhases = (
				02E8C93028A42E6E0056C7BD /* Sources */,
				02E8C93128A42E6E0056C7BD /* Frameworks */,
				02E8C93228A42E6E0056C7BD /* CopyFiles */,
			);
			buildRules = (
			);
			dependencies = (
			);
			name = String;
			productName = String;
			productReference = 02E8C93428A42E6E0056C7BD /* String */;
			productType = "com.apple.product-type.tool";
		};
		02E8C93E28A42E730056C7BD /* LinkedList */ = {
			isa = PBXNativeTarget;
			buildConfigurationList = 02E8C94328A42E730056C7BD /* Build configuration list for PBXNativeTarget "LinkedList" */;
			buildPhases = (
				02E8C93B28A42E730056C7BD /* Sources */,
				02E8C93C28A42E730056C7BD /* Frameworks */,
				02E8C93D28A42E730056C7BD /* CopyFiles */,
			);
			buildRules = (
			);
			dependencies = (
			);
			name = LinkedList;
			productName = LinkedList;
			productReference = 02E8C93F28A42E730056C7BD /* LinkedList */;
			productType = "com.apple.product-type.tool";
		};
		02E8C94928A42E840056C7BD /* StackQueue */ = {
			isa = PBXNativeTarget;
			buildConfigurationList = 02E8C94E28A42E840056C7BD /* Build configuration list for PBXNativeTarget "StackQueue" */;
			buildPhases = (
				02E8C94628A42E840056C7BD /* Sources */,
				02E8C94728A42E840056C7BD /* Frameworks */,
				02E8C94828A42E840056C7BD /* CopyFiles */,
			);
			buildRules = (
			);
			dependencies = (
			);
			name = StackQueue;
			productName = StackQueue;
			productReference = 02E8C94A28A42E840056C7BD /* StackQueue */;
			productType = "com.apple.product-type.tool";
		};
		02E8C95428A42E970056C7BD /* Tree */ = {
			isa = PBXNativeTarget;
			buildConfigurationList = 02E8C95928A42E970056C7BD /* Build configuration list for PBXNativeTarget "Tree" */;
			buildPhases = (
				02E8C95128A42E970056C7BD /* Sources */,
				02E8C95228A42E970056C7BD /* Frameworks */,
				02E8C95328A42E970056C7BD /* CopyFiles */,
			);
			buildRules = (
			);
			dependencies = (
			);
			name = Tree;
			productName = Tree;
			productReference = 02E8C95528A42E970056C7BD /* Tree */;
			productType = "com.apple.product-type.tool";
		};
/* End PBXNativeTarget section */

/* Begin PBXProject section */
		02E8C8C628A42D2D0056C7BD /* Project object */ = {
			isa = PBXProject;
			attributes = {
				BuildIndependentTargetsInParallel = 1;
				LastUpgradeCheck = 1330;
				TargetAttributes = {
					02E8C8CD28A42D2E0056C7BD = {
						CreatedOnToolsVersion = 13.3;
					};
					02E8C8DB28A42DD40056C7BD = {
						CreatedOnToolsVersion = 13.3;
					};
					02E8C8E628A42DE80056C7BD = {
						CreatedOnToolsVersion = 13.3;
					};
					02E8C8F128A42E0B0056C7BD = {
						CreatedOnToolsVersion = 13.3;
					};
					02E8C8FC28A42E1B0056C7BD = {
						CreatedOnToolsVersion = 13.3;
					};
					02E8C90728A42E2B0056C7BD = {
						CreatedOnToolsVersion = 13.3;
					};
					02E8C91228A42E370056C7BD = {
						CreatedOnToolsVersion = 13.3;
					};
					02E8C91D28A42E430056C7BD = {
						CreatedOnToolsVersion = 13.3;
					};
					02E8C92828A42E670056C7BD = {
						CreatedOnToolsVersion = 13.3;
					};
					02E8C93328A42E6E0056C7BD = {
						CreatedOnToolsVersion = 13.3;
					};
					02E8C93E28A42E730056C7BD = {
						CreatedOnToolsVersion = 13.3;
					};
					02E8C94928A42E840056C7BD = {
						CreatedOnToolsVersion = 13.3;
					};
					02E8C95428A42E970056C7BD = {
						CreatedOnToolsVersion = 13.3;
					};
				};
			};
			buildConfigurationList = 02E8C8C928A42D2D0056C7BD /* Build configuration list for PBXProject "DataStructures_Algorithms" */;
			compatibilityVersion = "Xcode 13.0";
			developmentRegion = en;
			hasScannedForEncodings = 0;
			knownRegions = (
				en,
				Base,
			);
			mainGroup = 02E8C8C528A42D2D0056C7BD;
			productRefGroup = 02E8C8CF28A42D2E0056C7BD /* Products */;
			projectDirPath = "";
			projectRoot = "";
			targets = (
				02E8C8CD28A42D2E0056C7BD /* DataStructures_Algorithms */,
				02E8C8DB28A42DD40056C7BD /* BinarySearch */,
				02E8C8E628A42DE80056C7BD /* TwoPointers */,
				02E8C8F128A42E0B0056C7BD /* BreadthFirstSearch */,
				02E8C8FC28A42E1B0056C7BD /* DepthFirstSearch */,
				02E8C90728A42E2B0056C7BD /* Recursion */,
				02E8C91228A42E370056C7BD /* DynamicProgramming */,
				02E8C91D28A42E430056C7BD /* BitManipulation */,
				02E8C92828A42E670056C7BD /* Array */,
				02E8C93328A42E6E0056C7BD /* String */,
				02E8C93E28A42E730056C7BD /* LinkedList */,
				02E8C94928A42E840056C7BD /* StackQueue */,
				02E8C95428A42E970056C7BD /* Tree */,
			);
		};
/* End PBXProject section */

/* Begin PBXSourcesBuildPhase section */
		02E8C8CA28A42D2E0056C7BD /* Sources */ = {
			isa = PBXSourcesBuildPhase;
			buildActionMask = 2147483647;
			files = (
				02E8C8D228A42D2E0056C7BD /* main.cpp in Sources */,
			);
			runOnlyForDeploymentPostprocessing = 0;
		};
		02E8C8D828A42DD40056C7BD /* Sources */ = {
			isa = PBXSourcesBuildPhase;
			buildActionMask = 2147483647;
			files = (
				02E8C96D28A433690056C7BD /* Solution35.cpp in Sources */,
				02E8C96928A432E10056C7BD /* Solution704.cpp in Sources */,
				02E8C8DF28A42DD40056C7BD /* main.cpp in Sources */,
				02E8C96B28A4331A0056C7BD /* Solution278.cpp in Sources */,
			);
			runOnlyForDeploymentPostprocessing = 0;
		};
		02E8C8E328A42DE80056C7BD /* Sources */ = {
			isa = PBXSourcesBuildPhase;
			buildActionMask = 2147483647;
			files = (
				02E8C8EA28A42DE80056C7BD /* main.cpp in Sources */,
			);
			runOnlyForDeploymentPostprocessing = 0;
		};
		02E8C8EE28A42E0B0056C7BD /* Sources */ = {
			isa = PBXSourcesBuildPhase;
			buildActionMask = 2147483647;
			files = (
				02E8C8F528A42E0B0056C7BD /* main.cpp in Sources */,
			);
			runOnlyForDeploymentPostprocessing = 0;
		};
		02E8C8F928A42E1B0056C7BD /* Sources */ = {
			isa = PBXSourcesBuildPhase;
			buildActionMask = 2147483647;
			files = (
				02E8C90028A42E1B0056C7BD /* main.cpp in Sources */,
			);
			runOnlyForDeploymentPostprocessing = 0;
		};
		02E8C90428A42E2B0056C7BD /* Sources */ = {
			isa = PBXSourcesBuildPhase;
			buildActionMask = 2147483647;
			files = (
				02E8C90B28A42E2B0056C7BD /* main.cpp in Sources */,
			);
			runOnlyForDeploymentPostprocessing = 0;
		};
		02E8C90F28A42E370056C7BD /* Sources */ = {
			isa = PBXSourcesBuildPhase;
			buildActionMask = 2147483647;
			files = (
				02E8C91628A42E370056C7BD /* main.cpp in Sources */,
			);
			runOnlyForDeploymentPostprocessing = 0;
		};
		02E8C91A28A42E430056C7BD /* Sources */ = {
			isa = PBXSourcesBuildPhase;
			buildActionMask = 2147483647;
			files = (
				02E8C92128A42E430056C7BD /* main.cpp in Sources */,
			);
			runOnlyForDeploymentPostprocessing = 0;
		};
		02E8C92528A42E670056C7BD /* Sources */ = {
			isa = PBXSourcesBuildPhase;
			buildActionMask = 2147483647;
			files = (
				02E8C96328A431170056C7BD /* Solution88.cpp in Sources */,
				02E8C96528A431870056C7BD /* Solution350.cpp in Sources */,
				02E8C96128A430DE0056C7BD /* Solution1.cpp in Sources */,
				02E8C95D28A42F970056C7BD /* Solution217.cpp in Sources */,
				02E8C92C28A42E670056C7BD /* main.cpp in Sources */,
				02E8C95F28A430640056C7BD /* Solution53.cpp in Sources */,
				02E8C96728A4322C0056C7BD /* Solution121.cpp in Sources */,
			);
			runOnlyForDeploymentPostprocessing = 0;
		};
		02E8C93028A42E6E0056C7BD /* Sources */ = {
			isa = PBXSourcesBuildPhase;
			buildActionMask = 2147483647;
			files = (
				02E8C93728A42E6E0056C7BD /* main.cpp in Sources */,
			);
			runOnlyForDeploymentPostprocessing = 0;
		};
		02E8C93B28A42E730056C7BD /* Sources */ = {
			isa = PBXSourcesBuildPhase;
			buildActionMask = 2147483647;
			files = (
				02E8C94228A42E730056C7BD /* main.cpp in Sources */,
			);
			runOnlyForDeploymentPostprocessing = 0;
		};
		02E8C94628A42E840056C7BD /* Sources */ = {
			isa = PBXSourcesBuildPhase;
			buildActionMask = 2147483647;
			files = (
				02E8C94D28A42E840056C7BD /* main.cpp in Sources */,
			);
			runOnlyForDeploymentPostprocessing = 0;
		};
		02E8C95128A42E970056C7BD /* Sources */ = {
			isa = PBXSourcesBuildPhase;
			buildActionMask = 2147483647;
			files = (
				02E8C95828A42E970056C7BD /* main.cpp in Sources */,
			);
			runOnlyForDeploymentPostprocessing = 0;
		};
/* End PBXSourcesBuildPhase section */

/* Begin XCBuildConfiguration section */
		02E8C8D328A42D2E0056C7BD /* Debug */ = {
			isa = XCBuildConfiguration;
			buildSettings = {
				ALWAYS_SEARCH_USER_PATHS = NO;
				CLANG_ANALYZER_NONNULL = YES;
				CLANG_ANALYZER_NUMBER_OBJECT_CONVERSION = YES_AGGRESSIVE;
				CLANG_CXX_LANGUAGE_STANDARD = "gnu++17";
				CLANG_ENABLE_MODULES = YES;
				CLANG_ENABLE_OBJC_ARC = YES;
				CLANG_ENABLE_OBJC_WEAK = YES;
				CLANG_WARN_BLOCK_CAPTURE_AUTORELEASING = YES;
				CLANG_WARN_BOOL_CONVERSION = YES;
				CLANG_WARN_COMMA = YES;
				CLANG_WARN_CONSTANT_CONVERSION = YES;
				CLANG_WARN_DEPRECATED_OBJC_IMPLEMENTATIONS = YES;
				CLANG_WARN_DIRECT_OBJC_ISA_USAGE = YES_ERROR;
				CLANG_WARN_DOCUMENTATION_COMMENTS = YES;
				CLANG_WARN_EMPTY_BODY = YES;
				CLANG_WARN_ENUM_CONVERSION = YES;
				CLANG_WARN_INFINITE_RECURSION = YES;
				CLANG_WARN_INT_CONVERSION = YES;
				CLANG_WARN_NON_LITERAL_NULL_CONVERSION = YES;
				CLANG_WARN_OBJC_IMPLICIT_RETAIN_SELF = YES;
				CLANG_WARN_OBJC_LITERAL_CONVERSION = YES;
				CLANG_WARN_OBJC_ROOT_CLASS = YES_ERROR;
				CLANG_WARN_QUOTED_INCLUDE_IN_FRAMEWORK_HEADER = YES;
				CLANG_WARN_RANGE_LOOP_ANALYSIS = YES;
				CLANG_WARN_STRICT_PROTOTYPES = YES;
				CLANG_WARN_SUSPICIOUS_MOVE = YES;
				CLANG_WARN_UNGUARDED_AVAILABILITY = YES_AGGRESSIVE;
				CLANG_WARN_UNREACHABLE_CODE = YES;
				CLANG_WARN__DUPLICATE_METHOD_MATCH = YES;
				COPY_PHASE_STRIP = NO;
				DEBUG_INFORMATION_FORMAT = dwarf;
				ENABLE_STRICT_OBJC_MSGSEND = YES;
				ENABLE_TESTABILITY = YES;
				GCC_C_LANGUAGE_STANDARD = gnu11;
				GCC_DYNAMIC_NO_PIC = NO;
				GCC_NO_COMMON_BLOCKS = YES;
				GCC_OPTIMIZATION_LEVEL = 0;
				GCC_PREPROCESSOR_DEFINITIONS = (
					"DEBUG=1",
					"$(inherited)",
				);
				GCC_WARN_64_TO_32_BIT_CONVERSION = YES;
				GCC_WARN_ABOUT_RETURN_TYPE = YES_ERROR;
				GCC_WARN_UNDECLARED_SELECTOR = YES;
				GCC_WARN_UNINITIALIZED_AUTOS = YES_AGGRESSIVE;
				GCC_WARN_UNUSED_FUNCTION = YES;
				GCC_WARN_UNUSED_VARIABLE = YES;
				MACOSX_DEPLOYMENT_TARGET = 12.3;
				MTL_ENABLE_DEBUG_INFO = INCLUDE_SOURCE;
				MTL_FAST_MATH = YES;
				ONLY_ACTIVE_ARCH = YES;
				SDKROOT = macosx;
			};
			name = Debug;
		};
		02E8C8D428A42D2E0056C7BD /* Release */ = {
			isa = XCBuildConfiguration;
			buildSettings = {
				ALWAYS_SEARCH_USER_PATHS = NO;
				CLANG_ANALYZER_NONNULL = YES;
				CLANG_ANALYZER_NUMBER_OBJECT_CONVERSION = YES_AGGRESSIVE;
				CLANG_CXX_LANGUAGE_STANDARD = "gnu++17";
				CLANG_ENABLE_MODULES = YES;
				CLANG_ENABLE_OBJC_ARC = YES;
				CLANG_ENABLE_OBJC_WEAK = YES;
				CLANG_WARN_BLOCK_CAPTURE_AUTORELEASING = YES;
				CLANG_WARN_BOOL_CONVERSION = YES;
				CLANG_WARN_COMMA = YES;
				CLANG_WARN_CONSTANT_CONVERSION = YES;
				CLANG_WARN_DEPRECATED_OBJC_IMPLEMENTATIONS = YES;
				CLANG_WARN_DIRECT_OBJC_ISA_USAGE = YES_ERROR;
				CLANG_WARN_DOCUMENTATION_COMMENTS = YES;
				CLANG_WARN_EMPTY_BODY = YES;
				CLANG_WARN_ENUM_CONVERSION = YES;
				CLANG_WARN_INFINITE_RECURSION = YES;
				CLANG_WARN_INT_CONVERSION = YES;
				CLANG_WARN_NON_LITERAL_NULL_CONVERSION = YES;
				CLANG_WARN_OBJC_IMPLICIT_RETAIN_SELF = YES;
				CLANG_WARN_OBJC_LITERAL_CONVERSION = YES;
				CLANG_WARN_OBJC_ROOT_CLASS = YES_ERROR;
				CLANG_WARN_QUOTED_INCLUDE_IN_FRAMEWORK_HEADER = YES;
				CLANG_WARN_RANGE_LOOP_ANALYSIS = YES;
				CLANG_WARN_STRICT_PROTOTYPES = YES;
				CLANG_WARN_SUSPICIOUS_MOVE = YES;
				CLANG_WARN_UNGUARDED_AVAILABILITY = YES_AGGRESSIVE;
				CLANG_WARN_UNREACHABLE_CODE = YES;
				CLANG_WARN__DUPLICATE_METHOD_MATCH = YES;
				COPY_PHASE_STRIP = NO;
				DEBUG_INFORMATION_FORMAT = "dwarf-with-dsym";
				ENABLE_NS_ASSERTIONS = NO;
				ENABLE_STRICT_OBJC_MSGSEND = YES;
				GCC_C_LANGUAGE_STANDARD = gnu11;
				GCC_NO_COMMON_BLOCKS = YES;
				GCC_WARN_64_TO_32_BIT_CONVERSION = YES;
				GCC_WARN_ABOUT_RETURN_TYPE = YES_ERROR;
				GCC_WARN_UNDECLARED_SELECTOR = YES;
				GCC_WARN_UNINITIALIZED_AUTOS = YES_AGGRESSIVE;
				GCC_WARN_UNUSED_FUNCTION = YES;
				GCC_WARN_UNUSED_VARIABLE = YES;
				MACOSX_DEPLOYMENT_TARGET = 12.3;
				MTL_ENABLE_DEBUG_INFO = NO;
				MTL_FAST_MATH = YES;
				SDKROOT = macosx;
			};
			name = Release;
		};
		02E8C8D628A42D2E0056C7BD /* Debug */ = {
			isa = XCBuildConfiguration;
			buildSettings = {
				CODE_SIGN_STYLE = Automatic;
				PRODUCT_NAME = "$(TARGET_NAME)";
			};
			name = Debug;
		};
		02E8C8D728A42D2E0056C7BD /* Release */ = {
			isa = XCBuildConfiguration;
			buildSettings = {
				CODE_SIGN_STYLE = Automatic;
				PRODUCT_NAME = "$(TARGET_NAME)";
			};
			name = Release;
		};
		02E8C8E128A42DD40056C7BD /* Debug */ = {
			isa = XCBuildConfiguration;
			buildSettings = {
				CODE_SIGN_STYLE = Automatic;
				PRODUCT_NAME = "$(TARGET_NAME)";
			};
			name = Debug;
		};
		02E8C8E228A42DD40056C7BD /* Release */ = {
			isa = XCBuildConfiguration;
			buildSettings = {
				CODE_SIGN_STYLE = Automatic;
				PRODUCT_NAME = "$(TARGET_NAME)";
			};
			name = Release;
		};
		02E8C8EC28A42DE90056C7BD /* Debug */ = {
			isa = XCBuildConfiguration;
			buildSettings = {
				CODE_SIGN_STYLE = Automatic;
				PRODUCT_NAME = "$(TARGET_NAME)";
			};
			name = Debug;
		};
		02E8C8ED28A42DE90056C7BD /* Release */ = {
			isa = XCBuildConfiguration;
			buildSettings = {
				CODE_SIGN_STYLE = Automatic;
				PRODUCT_NAME = "$(TARGET_NAME)";
			};
			name = Release;
		};
		02E8C8F728A42E0B0056C7BD /* Debug */ = {
			isa = XCBuildConfiguration;
			buildSettings = {
				CODE_SIGN_STYLE = Automatic;
				PRODUCT_NAME = "$(TARGET_NAME)";
			};
			name = Debug;
		};
		02E8C8F828A42E0B0056C7BD /* Release */ = {
			isa = XCBuildConfiguration;
			buildSettings = {
				CODE_SIGN_STYLE = Automatic;
				PRODUCT_NAME = "$(TARGET_NAME)";
			};
			name = Release;
		};
		02E8C90228A42E1B0056C7BD /* Debug */ = {
			isa = XCBuildConfiguration;
			buildSettings = {
				CODE_SIGN_STYLE = Automatic;
				PRODUCT_NAME = "$(TARGET_NAME)";
			};
			name = Debug;
		};
		02E8C90328A42E1B0056C7BD /* Release */ = {
			isa = XCBuildConfiguration;
			buildSettings = {
				CODE_SIGN_STYLE = Automatic;
				PRODUCT_NAME = "$(TARGET_NAME)";
			};
			name = Release;
		};
		02E8C90D28A42E2B0056C7BD /* Debug */ = {
			isa = XCBuildConfiguration;
			buildSettings = {
				CODE_SIGN_STYLE = Automatic;
				PRODUCT_NAME = "$(TARGET_NAME)";
			};
			name = Debug;
		};
		02E8C90E28A42E2B0056C7BD /* Release */ = {
			isa = XCBuildConfiguration;
			buildSettings = {
				CODE_SIGN_STYLE = Automatic;
				PRODUCT_NAME = "$(TARGET_NAME)";
			};
			name = Release;
		};
		02E8C91828A42E370056C7BD /* Debug */ = {
			isa = XCBuildConfiguration;
			buildSettings = {
				CODE_SIGN_STYLE = Automatic;
				PRODUCT_NAME = "$(TARGET_NAME)";
			};
			name = Debug;
		};
		02E8C91928A42E370056C7BD /* Release */ = {
			isa = XCBuildConfiguration;
			buildSettings = {
				CODE_SIGN_STYLE = Automatic;
				PRODUCT_NAME = "$(TARGET_NAME)";
			};
			name = Release;
		};
		02E8C92328A42E430056C7BD /* Debug */ = {
			isa = XCBuildConfiguration;
			buildSettings = {
				CODE_SIGN_STYLE = Automatic;
				PRODUCT_NAME = "$(TARGET_NAME)";
			};
			name = Debug;
		};
		02E8C92428A42E430056C7BD /* Release */ = {
			isa = XCBuildConfiguration;
			buildSettings = {
				CODE_SIGN_STYLE = Automatic;
				PRODUCT_NAME = "$(TARGET_NAME)";
			};
			name = Release;
		};
		02E8C92E28A42E670056C7BD /* Debug */ = {
			isa = XCBuildConfiguration;
			buildSettings = {
				CODE_SIGN_STYLE = Automatic;
				PRODUCT_NAME = "$(TARGET_NAME)";
			};
			name = Debug;
		};
		02E8C92F28A42E670056C7BD /* Release */ = {
			isa = XCBuildConfiguration;
			buildSettings = {
				CODE_SIGN_STYLE = Automatic;
				PRODUCT_NAME = "$(TARGET_NAME)";
			};
			name = Release;
		};
		02E8C93928A42E6E0056C7BD /* Debug */ = {
			isa = XCBuildConfiguration;
			buildSettings = {
				CODE_SIGN_STYLE = Automatic;
				PRODUCT_NAME = "$(TARGET_NAME)";
			};
			name = Debug;
		};
		02E8C93A28A42E6E0056C7BD /* Release */ = {
			isa = XCBuildConfiguration;
			buildSettings = {
				CODE_SIGN_STYLE = Automatic;
				PRODUCT_NAME = "$(TARGET_NAME)";
			};
			name = Release;
		};
		02E8C94428A42E730056C7BD /* Debug */ = {
			isa = XCBuildConfiguration;
			buildSettings = {
				CODE_SIGN_STYLE = Automatic;
				PRODUCT_NAME = "$(TARGET_NAME)";
			};
			name = Debug;
		};
		02E8C94528A42E730056C7BD /* Release */ = {
			isa = XCBuildConfiguration;
			buildSettings = {
				CODE_SIGN_STYLE = Automatic;
				PRODUCT_NAME = "$(TARGET_NAME)";
			};
			name = Release;
		};
		02E8C94F28A42E840056C7BD /* Debug */ = {
			isa = XCBuildConfiguration;
			buildSettings = {
				CODE_SIGN_STYLE = Automatic;
				PRODUCT_NAME = "$(TARGET_NAME)";
			};
			name = Debug;
		};
		02E8C95028A42E840056C7BD /* Release */ = {
			isa = XCBuildConfiguration;
			buildSettings = {
				CODE_SIGN_STYLE = Automatic;
				PRODUCT_NAME = "$(TARGET_NAME)";
			};
			name = Release;
		};
		02E8C95A28A42E970056C7BD /* Debug */ = {
			isa = XCBuildConfiguration;
			buildSettings = {
				CODE_SIGN_STYLE = Automatic;
				PRODUCT_NAME = "$(TARGET_NAME)";
			};
			name = Debug;
		};
		02E8C95B28A42E970056C7BD /* Release */ = {
			isa = XCBuildConfiguration;
			buildSettings = {
				CODE_SIGN_STYLE = Automatic;
				PRODUCT_NAME = "$(TARGET_NAME)";
			};
			name = Release;
		};
/* End XCBuildConfiguration section */

/* Begin XCConfigurationList section */
		02E8C8C928A42D2D0056C7BD /* Build configuration list for PBXProject "DataStructures_Algorithms" */ = {
			isa = XCConfigurationList;
			buildConfigurations = (
				02E8C8D328A42D2E0056C7BD /* Debug */,
				02E8C8D428A42D2E0056C7BD /* Release */,
			);
			defaultConfigurationIsVisible = 0;
			defaultConfigurationName = Release;
		};
		02E8C8D528A42D2E0056C7BD /* Build configuration list for PBXNativeTarget "DataStructures_Algorithms" */ = {
			isa = XCConfigurationList;
			buildConfigurations = (
				02E8C8D628A42D2E0056C7BD /* Debug */,
				02E8C8D728A42D2E0056C7BD /* Release */,
			);
			defaultConfigurationIsVisible = 0;
			defaultConfigurationName = Release;
		};
		02E8C8E028A42DD40056C7BD /* Build configuration list for PBXNativeTarget "BinarySearch" */ = {
			isa = XCConfigurationList;
			buildConfigurations = (
				02E8C8E128A42DD40056C7BD /* Debug */,
				02E8C8E228A42DD40056C7BD /* Release */,
			);
			defaultConfigurationIsVisible = 0;
			defaultConfigurationName = Release;
		};
		02E8C8EB28A42DE90056C7BD /* Build configuration list for PBXNativeTarget "TwoPointers" */ = {
			isa = XCConfigurationList;
			buildConfigurations = (
				02E8C8EC28A42DE90056C7BD /* Debug */,
				02E8C8ED28A42DE90056C7BD /* Release */,
			);
			defaultConfigurationIsVisible = 0;
			defaultConfigurationName = Release;
		};
		02E8C8F628A42E0B0056C7BD /* Build configuration list for PBXNativeTarget "BreadthFirstSearch" */ = {
			isa = XCConfigurationList;
			buildConfigurations = (
				02E8C8F728A42E0B0056C7BD /* Debug */,
				02E8C8F828A42E0B0056C7BD /* Release */,
			);
			defaultConfigurationIsVisible = 0;
			defaultConfigurationName = Release;
		};
		02E8C90128A42E1B0056C7BD /* Build configuration list for PBXNativeTarget "DepthFirstSearch" */ = {
			isa = XCConfigurationList;
			buildConfigurations = (
				02E8C90228A42E1B0056C7BD /* Debug */,
				02E8C90328A42E1B0056C7BD /* Release */,
			);
			defaultConfigurationIsVisible = 0;
			defaultConfigurationName = Release;
		};
		02E8C90C28A42E2B0056C7BD /* Build configuration list for PBXNativeTarget "Recursion" */ = {
			isa = XCConfigurationList;
			buildConfigurations = (
				02E8C90D28A42E2B0056C7BD /* Debug */,
				02E8C90E28A42E2B0056C7BD /* Release */,
			);
			defaultConfigurationIsVisible = 0;
			defaultConfigurationName = Release;
		};
		02E8C91728A42E370056C7BD /* Build configuration list for PBXNativeTarget "DynamicProgramming" */ = {
			isa = XCConfigurationList;
			buildConfigurations = (
				02E8C91828A42E370056C7BD /* Debug */,
				02E8C91928A42E370056C7BD /* Release */,
			);
			defaultConfigurationIsVisible = 0;
			defaultConfigurationName = Release;
		};
		02E8C92228A42E430056C7BD /* Build configuration list for PBXNativeTarget "BitManipulation" */ = {
			isa = XCConfigurationList;
			buildConfigurations = (
				02E8C92328A42E430056C7BD /* Debug */,
				02E8C92428A42E430056C7BD /* Release */,
			);
			defaultConfigurationIsVisible = 0;
			defaultConfigurationName = Release;
		};
		02E8C92D28A42E670056C7BD /* Build configuration list for PBXNativeTarget "Array" */ = {
			isa = XCConfigurationList;
			buildConfigurations = (
				02E8C92E28A42E670056C7BD /* Debug */,
				02E8C92F28A42E670056C7BD /* Release */,
			);
			defaultConfigurationIsVisible = 0;
			defaultConfigurationName = Release;
		};
		02E8C93828A42E6E0056C7BD /* Build configuration list for PBXNativeTarget "String" */ = {
			isa = XCConfigurationList;
			buildConfigurations = (
				02E8C93928A42E6E0056C7BD /* Debug */,
				02E8C93A28A42E6E0056C7BD /* Release */,
			);
			defaultConfigurationIsVisible = 0;
			defaultConfigurationName = Release;
		};
		02E8C94328A42E730056C7BD /* Build configuration list for PBXNativeTarget "LinkedList" */ = {
			isa = XCConfigurationList;
			buildConfigurations = (
				02E8C94428A42E730056C7BD /* Debug */,
				02E8C94528A42E730056C7BD /* Release */,
			);
			defaultConfigurationIsVisible = 0;
			defaultConfigurationName = Release;
		};
		02E8C94E28A42E840056C7BD /* Build configuration list for PBXNativeTarget "StackQueue" */ = {
			isa = XCConfigurationList;
			buildConfigurations = (
				02E8C94F28A42E840056C7BD /* Debug */,
				02E8C95028A42E840056C7BD /* Release */,
			);
			defaultConfigurationIsVisible = 0;
			defaultConfigurationName = Release;
		};
		02E8C95928A42E970056C7BD /* Build configuration list for PBXNativeTarget "Tree" */ = {
			isa = XCConfigurationList;
			buildConfigurations = (
				02E8C95A28A42E970056C7BD /* Debug */,
				02E8C95B28A42E970056C7BD /* Release */,
			);
			defaultConfigurationIsVisible = 0;
			defaultConfigurationName = Release;
		};
/* End XCConfigurationList section */
	};
	rootObject = 02E8C8C628A42D2D0056C7BD /* Project object */;
}
